// !$*UTF8*$!
{
	archiveVersion = 1;
	classes = {
	};
	objectVersion = 46;
	objects = {

/* Begin PBXBuildFile section */
		65442AC51B1CF1C4006E0D37 /* main.m in Sources */ = {isa = PBXBuildFile; fileRef = 65442AC41B1CF1C4006E0D37 /* main.m */; };
		65442AC81B1CF1C4006E0D37 /* AppDelegate.m in Sources */ = {isa = PBXBuildFile; fileRef = 65442AC71B1CF1C4006E0D37 /* AppDelegate.m */; };
		65442ACE1B1CF1C4006E0D37 /* Main.storyboard in Resources */ = {isa = PBXBuildFile; fileRef = 65442ACC1B1CF1C4006E0D37 /* Main.storyboard */; };
		65442AD01B1CF1C4006E0D37 /* Images.xcassets in Resources */ = {isa = PBXBuildFile; fileRef = 65442ACF1B1CF1C4006E0D37 /* Images.xcassets */; };
		65442AD31B1CF1C4006E0D37 /* LaunchScreen.xib in Resources */ = {isa = PBXBuildFile; fileRef = 65442AD11B1CF1C4006E0D37 /* LaunchScreen.xib */; };
		65442ADF1B1CF1C4006E0D37 /* SandwichFlowTests.m in Sources */ = {isa = PBXBuildFile; fileRef = 65442ADE1B1CF1C4006E0D37 /* SandwichFlowTests.m */; };
		65442AEA1B1CF24A006E0D37 /* DynamicSandwichViewController.m in Sources */ = {isa = PBXBuildFile; fileRef = 65442AE91B1CF24A006E0D37 /* DynamicSandwichViewController.m */; };
		65442AED1B1D049B006E0D37 /* SandwichViewController.m in Sources */ = {isa = PBXBuildFile; fileRef = 65442AEC1B1D049B006E0D37 /* SandwichViewController.m */; };
		65442AF01B1D2638006E0D37 /* UIKit.framework in Frameworks */ = {isa = PBXBuildFile; fileRef = 65442AEF1B1D2638006E0D37 /* UIKit.framework */; };
		65442AF21B1D2643006E0D37 /* Foundation.framework in Frameworks */ = {isa = PBXBuildFile; fileRef = 65442AF11B1D2643006E0D37 /* Foundation.framework */; };
		65442AF41B1D264F006E0D37 /* CoreGraphics.framework in Frameworks */ = {isa = PBXBuildFile; fileRef = 65442AF31B1D264F006E0D37 /* CoreGraphics.framework */; };
		65442AF71B1D2930006E0D37 /* CollectionViewLabelCell.m in Sources */ = {isa = PBXBuildFile; fileRef = 65442AF61B1D2930006E0D37 /* CollectionViewLabelCell.m */; };
		65442AFA1B1D34C9006E0D37 /* SandwichesViewController.m in Sources */ = {isa = PBXBuildFile; fileRef = 65442AF91B1D34C9006E0D37 /* SandwichesViewController.m */; };
		65442AFD1B1D3562006E0D37 /* Sandwiches.json in Resources */ = {isa = PBXBuildFile; fileRef = 65442AFC1B1D3562006E0D37 /* Sandwiches.json */; };
		65DEAD4A1B1E61CA00708651 /* CheeseAndOnion.png in Resources */ = {isa = PBXBuildFile; fileRef = 65DEAD451B1E61CA00708651 /* CheeseAndOnion.png */; };
		65DEAD4B1B1E61CA00708651 /* EggAndCress.png in Resources */ = {isa = PBXBuildFile; fileRef = 65DEAD461B1E61CA00708651 /* EggAndCress.png */; };
		65DEAD4C1B1E61CA00708651 /* EggSalad.png in Resources */ = {isa = PBXBuildFile; fileRef = 65DEAD471B1E61CA00708651 /* EggSalad.png */; };
		65DEAD4D1B1E61CA00708651 /* Salmon.png in Resources */ = {isa = PBXBuildFile; fileRef = 65DEAD481B1E61CA00708651 /* Salmon.png */; };
		65DEAD4E1B1E61CA00708651 /* Trout.png in Resources */ = {isa = PBXBuildFile; fileRef = 65DEAD491B1E61CA00708651 /* Trout.png */; };
/* End PBXBuildFile section */

/* Begin PBXContainerItemProxy section */
		65442AD91B1CF1C4006E0D37 /* PBXContainerItemProxy */ = {
			isa = PBXContainerItemProxy;
			containerPortal = 65442AB71B1CF1C4006E0D37 /* Project object */;
			proxyType = 1;
			remoteGlobalIDString = 65442ABE1B1CF1C4006E0D37;
			remoteInfo = SandwichFlow;
		};
/* End PBXContainerItemProxy section */

/* Begin PBXFileReference section */
		65442ABF1B1CF1C4006E0D37 /* SandwichFlow.app */ = {isa = PBXFileReference; explicitFileType = wrapper.application; includeInIndex = 0; path = SandwichFlow.app; sourceTree = BUILT_PRODUCTS_DIR; };
		65442AC31B1CF1C4006E0D37 /* Info.plist */ = {isa = PBXFileReference; lastKnownFileType = text.plist.xml; path = Info.plist; sourceTree = "<group>"; };
		65442AC41B1CF1C4006E0D37 /* main.m */ = {isa = PBXFileReference; lastKnownFileType = sourcecode.c.objc; path = main.m; sourceTree = "<group>"; };
		65442AC61B1CF1C4006E0D37 /* AppDelegate.h */ = {isa = PBXFileReference; lastKnownFileType = sourcecode.c.h; path = AppDelegate.h; sourceTree = "<group>"; };
		65442AC71B1CF1C4006E0D37 /* AppDelegate.m */ = {isa = PBXFileReference; lastKnownFileType = sourcecode.c.objc; path = AppDelegate.m; sourceTree = "<group>"; };
		65442ACD1B1CF1C4006E0D37 /* Base */ = {isa = PBXFileReference; lastKnownFileType = file.storyboard; name = Base; path = Base.lproj/Main.storyboard; sourceTree = "<group>"; };
		65442ACF1B1CF1C4006E0D37 /* Images.xcassets */ = {isa = PBXFileReference; lastKnownFileType = folder.assetcatalog; path = Images.xcassets; sourceTree = "<group>"; };
		65442AD21B1CF1C4006E0D37 /* Base */ = {isa = PBXFileReference; lastKnownFileType = file.xib; name = Base; path = Base.lproj/LaunchScreen.xib; sourceTree = "<group>"; };
		65442AD81B1CF1C4006E0D37 /* SandwichFlowTests.xctest */ = {isa = PBXFileReference; explicitFileType = wrapper.cfbundle; includeInIndex = 0; path = SandwichFlowTests.xctest; sourceTree = BUILT_PRODUCTS_DIR; };
		65442ADD1B1CF1C4006E0D37 /* Info.plist */ = {isa = PBXFileReference; lastKnownFileType = text.plist.xml; path = Info.plist; sourceTree = "<group>"; };
		65442ADE1B1CF1C4006E0D37 /* SandwichFlowTests.m */ = {isa = PBXFileReference; lastKnownFileType = sourcecode.c.objc; path = SandwichFlowTests.m; sourceTree = "<group>"; };
		65442AE81B1CF24A006E0D37 /* DynamicSandwichViewController.h */ = {isa = PBXFileReference; fileEncoding = 4; lastKnownFileType = sourcecode.c.h; name = DynamicSandwichViewController.h; path = ../DynamicSandwichViewController.h; sourceTree = "<group>"; };
		65442AE91B1CF24A006E0D37 /* DynamicSandwichViewController.m */ = {isa = PBXFileReference; fileEncoding = 4; lastKnownFileType = sourcecode.c.objc; name = DynamicSandwichViewController.m; path = ../DynamicSandwichViewController.m; sourceTree = "<group>"; };
		65442AEB1B1D049B006E0D37 /* SandwichViewController.h */ = {isa = PBXFileReference; fileEncoding = 4; lastKnownFileType = sourcecode.c.h; name = SandwichViewController.h; path = ../SandwichViewController.h; sourceTree = "<group>"; };
		65442AEC1B1D049B006E0D37 /* SandwichViewController.m */ = {isa = PBXFileReference; fileEncoding = 4; lastKnownFileType = sourcecode.c.objc; name = SandwichViewController.m; path = ../SandwichViewController.m; sourceTree = "<group>"; };
		65442AEF1B1D2638006E0D37 /* UIKit.framework */ = {isa = PBXFileReference; lastKnownFileType = wrapper.framework; name = UIKit.framework; path = System/Library/Frameworks/UIKit.framework; sourceTree = SDKROOT; };
		65442AF11B1D2643006E0D37 /* Foundation.framework */ = {isa = PBXFileReference; lastKnownFileType = wrapper.framework; name = Foundation.framework; path = System/Library/Frameworks/Foundation.framework; sourceTree = SDKROOT; };
		65442AF31B1D264F006E0D37 /* CoreGraphics.framework */ = {isa = PBXFileReference; lastKnownFileType = wrapper.framework; name = CoreGraphics.framework; path = System/Library/Frameworks/CoreGraphics.framework; sourceTree = SDKROOT; };
		65442AF51B1D2930006E0D37 /* CollectionViewLabelCell.h */ = {isa = PBXFileReference; fileEncoding = 4; lastKnownFileType = sourcecode.c.h; name = CollectionViewLabelCell.h; path = ../CollectionViewLabelCell.h; sourceTree = "<group>"; };
		65442AF61B1D2930006E0D37 /* CollectionViewLabelCell.m */ = {isa = PBXFileReference; fileEncoding = 4; lastKnownFileType = sourcecode.c.objc; name = CollectionViewLabelCell.m; path = ../CollectionViewLabelCell.m; sourceTree = "<group>"; };
		65442AF81B1D34C9006E0D37 /* SandwichesViewController.h */ = {isa = PBXFileReference; fileEncoding = 4; lastKnownFileType = sourcecode.c.h; name = SandwichesViewController.h; path = ../SandwichesViewController.h; sourceTree = "<group>"; };
		65442AF91B1D34C9006E0D37 /* SandwichesViewController.m */ = {isa = PBXFileReference; fileEncoding = 4; lastKnownFileType = sourcecode.c.objc; name = SandwichesViewController.m; path = ../SandwichesViewController.m; sourceTree = "<group>"; };
		65442AFC1B1D3562006E0D37 /* Sandwiches.json */ = {isa = PBXFileReference; fileEncoding = 4; lastKnownFileType = text.json; path = Sandwiches.json; sourceTree = "<group>"; };
		65DEAD451B1E61CA00708651 /* CheeseAndOnion.png */ = {isa = PBXFileReference; lastKnownFileType = image.png; path = CheeseAndOnion.png; sourceTree = "<group>"; };
		65DEAD461B1E61CA00708651 /* EggAndCress.png */ = {isa = PBXFileReference; lastKnownFileType = image.png; path = EggAndCress.png; sourceTree = "<group>"; };
		65DEAD471B1E61CA00708651 /* EggSalad.png */ = {isa = PBXFileReference; lastKnownFileType = image.png; path = EggSalad.png; sourceTree = "<group>"; };
		65DEAD481B1E61CA00708651 /* Salmon.png */ = {isa = PBXFileReference; lastKnownFileType = image.png; path = Salmon.png; sourceTree = "<group>"; };
		65DEAD491B1E61CA00708651 /* Trout.png */ = {isa = PBXFileReference; lastKnownFileType = image.png; path = Trout.png; sourceTree = "<group>"; };
/* End PBXFileReference section */

/* Begin PBXFrameworksBuildPhase section */
		65442ABC1B1CF1C4006E0D37 /* Frameworks */ = {
			isa = PBXFrameworksBuildPhase;
			buildActionMask = 2147483647;
			files = (
				65442AF41B1D264F006E0D37 /* CoreGraphics.framework in Frameworks */,
				65442AF21B1D2643006E0D37 /* Foundation.framework in Frameworks */,
				65442AF01B1D2638006E0D37 /* UIKit.framework in Frameworks */,
			);
			runOnlyForDeploymentPostprocessing = 0;
		};
		65442AD51B1CF1C4006E0D37 /* Frameworks */ = {
			isa = PBXFrameworksBuildPhase;
			buildActionMask = 2147483647;
			files = (
			);
			runOnlyForDeploymentPostprocessing = 0;
		};
/* End PBXFrameworksBuildPhase section */

/* Begin PBXGroup section */
		65442AB61B1CF1C4006E0D37 = {
			isa = PBXGroup;
			children = (
				65442AFB1B1D352B006E0D37 /* Assets */,
				65442AC11B1CF1C4006E0D37 /* SandwichFlow */,
				65442AEE1B1D261A006E0D37 /* Frameworks */,
				65442ADB1B1CF1C4006E0D37 /* SandwichFlowTests */,
				65442AC01B1CF1C4006E0D37 /* Products */,
			);
			sourceTree = "<group>";
		};
		65442AC01B1CF1C4006E0D37 /* Products */ = {
			isa = PBXGroup;
			children = (
				65442ABF1B1CF1C4006E0D37 /* SandwichFlow.app */,
				65442AD81B1CF1C4006E0D37 /* SandwichFlowTests.xctest */,
			);
			name = Products;
			sourceTree = "<group>";
		};
		65442AC11B1CF1C4006E0D37 /* SandwichFlow */ = {
			isa = PBXGroup;
			children = (
				65442AF81B1D34C9006E0D37 /* SandwichesViewController.h */,
				65442AF91B1D34C9006E0D37 /* SandwichesViewController.m */,
				65442AF51B1D2930006E0D37 /* CollectionViewLabelCell.h */,
				65442AF61B1D2930006E0D37 /* CollectionViewLabelCell.m */,
				65442AEB1B1D049B006E0D37 /* SandwichViewController.h */,
				65442AEC1B1D049B006E0D37 /* SandwichViewController.m */,
				65442AE81B1CF24A006E0D37 /* DynamicSandwichViewController.h */,
				65442AE91B1CF24A006E0D37 /* DynamicSandwichViewController.m */,
				65442AC61B1CF1C4006E0D37 /* AppDelegate.h */,
				65442AC71B1CF1C4006E0D37 /* AppDelegate.m */,
				65442ACC1B1CF1C4006E0D37 /* Main.storyboard */,
				65442ACF1B1CF1C4006E0D37 /* Images.xcassets */,
				65442AD11B1CF1C4006E0D37 /* LaunchScreen.xib */,
				65442AC21B1CF1C4006E0D37 /* Supporting Files */,
			);
			path = SandwichFlow;
			sourceTree = "<group>";
		};
		65442AC21B1CF1C4006E0D37 /* Supporting Files */ = {
			isa = PBXGroup;
			children = (
				65442AC31B1CF1C4006E0D37 /* Info.plist */,
				65442AC41B1CF1C4006E0D37 /* main.m */,
			);
			name = "Supporting Files";
			sourceTree = "<group>";
		};
		65442ADB1B1CF1C4006E0D37 /* SandwichFlowTests */ = {
			isa = PBXGroup;
			children = (
				65442ADE1B1CF1C4006E0D37 /* SandwichFlowTests.m */,
				65442ADC1B1CF1C4006E0D37 /* Supporting Files */,
			);
			path = SandwichFlowTests;
			sourceTree = "<group>";
		};
		65442ADC1B1CF1C4006E0D37 /* Supporting Files */ = {
			isa = PBXGroup;
			children = (
				65442ADD1B1CF1C4006E0D37 /* Info.plist */,
			);
			name = "Supporting Files";
			sourceTree = "<group>";
		};
		65442AEE1B1D261A006E0D37 /* Frameworks */ = {
			isa = PBXGroup;
			children = (
				65442AF31B1D264F006E0D37 /* CoreGraphics.framework */,
				65442AF11B1D2643006E0D37 /* Foundation.framework */,
				65442AEF1B1D2638006E0D37 /* UIKit.framework */,
			);
			name = Frameworks;
			sourceTree = "<group>";
		};
		65442AFB1B1D352B006E0D37 /* Assets */ = {
			isa = PBXGroup;
			children = (
				65442AFC1B1D3562006E0D37 /* Sandwiches.json */,
				65DEAD451B1E61CA00708651 /* CheeseAndOnion.png */,
				65DEAD461B1E61CA00708651 /* EggAndCress.png */,
				65DEAD471B1E61CA00708651 /* EggSalad.png */,
				65DEAD481B1E61CA00708651 /* Salmon.png */,
				65DEAD491B1E61CA00708651 /* Trout.png */,
			);
			name = Assets;
			sourceTree = "<group>";
		};
/* End PBXGroup section */

/* Begin PBXNativeTarget section */
		65442ABE1B1CF1C4006E0D37 /* SandwichFlow */ = {
			isa = PBXNativeTarget;
			buildConfigurationList = 65442AE21B1CF1C4006E0D37 /* Build configuration list for PBXNativeTarget "SandwichFlow" */;
			buildPhases = (
				65442ABB1B1CF1C4006E0D37 /* Sources */,
				65442ABC1B1CF1C4006E0D37 /* Frameworks */,
				65442ABD1B1CF1C4006E0D37 /* Resources */,
			);
			buildRules = (
			);
			dependencies = (
			);
			name = SandwichFlow;
			productName = SandwichFlow;
			productReference = 65442ABF1B1CF1C4006E0D37 /* SandwichFlow.app */;
			productType = "com.apple.product-type.application";
		};
		65442AD71B1CF1C4006E0D37 /* SandwichFlowTests */ = {
			isa = PBXNativeTarget;
			buildConfigurationList = 65442AE51B1CF1C4006E0D37 /* Build configuration list for PBXNativeTarget "SandwichFlowTests" */;
			buildPhases = (
				65442AD41B1CF1C4006E0D37 /* Sources */,
				65442AD51B1CF1C4006E0D37 /* Frameworks */,
				65442AD61B1CF1C4006E0D37 /* Resources */,
			);
			buildRules = (
			);
			dependencies = (
				65442ADA1B1CF1C4006E0D37 /* PBXTargetDependency */,
			);
			name = SandwichFlowTests;
			productName = SandwichFlowTests;
			productReference = 65442AD81B1CF1C4006E0D37 /* SandwichFlowTests.xctest */;
			productType = "com.apple.product-type.bundle.unit-test";
		};
/* End PBXNativeTarget section */

/* Begin PBXProject section */
		65442AB71B1CF1C4006E0D37 /* Project object */ = {
			isa = PBXProject;
			attributes = {
				LastUpgradeCheck = 0630;
				ORGANIZATIONNAME = "Daniel Kwiatkowski";
				TargetAttributes = {
					65442ABE1B1CF1C4006E0D37 = {
						CreatedOnToolsVersion = 6.3.2;
					};
					65442AD71B1CF1C4006E0D37 = {
						CreatedOnToolsVersion = 6.3.2;
						TestTargetID = 65442ABE1B1CF1C4006E0D37;
					};
				};
			};
			buildConfigurationList = 65442ABA1B1CF1C4006E0D37 /* Build configuration list for PBXProject "SandwichFlow" */;
			compatibilityVersion = "Xcode 3.2";
			developmentRegion = English;
			hasScannedForEncodings = 0;
			knownRegions = (
				en,
				Base,
			);
			mainGroup = 65442AB61B1CF1C4006E0D37;
			productRefGroup = 65442AC01B1CF1C4006E0D37 /* Products */;
			projectDirPath = "";
			projectRoot = "";
			targets = (
				65442ABE1B1CF1C4006E0D37 /* SandwichFlow */,
				65442AD71B1CF1C4006E0D37 /* SandwichFlowTests */,
			);
		};
/* End PBXProject section */

/* Begin PBXResourcesBuildPhase section */
		65442ABD1B1CF1C4006E0D37 /* Resources */ = {
			isa = PBXResourcesBuildPhase;
			buildActionMask = 2147483647;
			files = (
				65442AFD1B1D3562006E0D37 /* Sandwiches.json in Resources */,
				65442ACE1B1CF1C4006E0D37 /* Main.storyboard in Resources */,
				65DEAD4C1B1E61CA00708651 /* EggSalad.png in Resources */,
				65DEAD4B1B1E61CA00708651 /* EggAndCress.png in Resources */,
				65DEAD4A1B1E61CA00708651 /* CheeseAndOnion.png in Resources */,
				65442AD31B1CF1C4006E0D37 /* LaunchScreen.xib in Resources */,
				65DEAD4E1B1E61CA00708651 /* Trout.png in Resources */,
				65442AD01B1CF1C4006E0D37 /* Images.xcassets in Resources */,
				65DEAD4D1B1E61CA00708651 /* Salmon.png in Resources */,
			);
			runOnlyForDeploymentPostprocessing = 0;
		};
		65442AD61B1CF1C4006E0D37 /* Resources */ = {
			isa = PBXResourcesBuildPhase;
			buildActionMask = 2147483647;
			files = (
			);
			runOnlyForDeploymentPostprocessing = 0;
		};
/* End PBXResourcesBuildPhase section */

/* Begin PBXSourcesBuildPhase section */
		65442ABB1B1CF1C4006E0D37 /* Sources */ = {
			isa = PBXSourcesBuildPhase;
			buildActionMask = 2147483647;
			files = (
				65442AC81B1CF1C4006E0D37 /* AppDelegate.m in Sources */,
				65442AFA1B1D34C9006E0D37 /* SandwichesViewController.m in Sources */,
				65442AEA1B1CF24A006E0D37 /* DynamicSandwichViewController.m in Sources */,
				65442AF71B1D2930006E0D37 /* CollectionViewLabelCell.m in Sources */,
				65442AC51B1CF1C4006E0D37 /* main.m in Sources */,
				65442AED1B1D049B006E0D37 /* SandwichViewController.m in Sources */,
			);
			runOnlyForDeploymentPostprocessing = 0;
		};
		65442AD41B1CF1C4006E0D37 /* Sources */ = {
			isa = PBXSourcesBuildPhase;
			buildActionMask = 2147483647;
			files = (
				65442ADF1B1CF1C4006E0D37 /* SandwichFlowTests.m in Sources */,
			);
			runOnlyForDeploymentPostprocessing = 0;
		};
/* End PBXSourcesBuildPhase section */

/* Begin PBXTargetDependency section */
		65442ADA1B1CF1C4006E0D37 /* PBXTargetDependency */ = {
			isa = PBXTargetDependency;
			target = 65442ABE1B1CF1C4006E0D37 /* SandwichFlow */;
			targetProxy = 65442AD91B1CF1C4006E0D37 /* PBXContainerItemProxy */;
		};
/* End PBXTargetDependency section */

/* Begin PBXVariantGroup section */
		65442ACC1B1CF1C4006E0D37 /* Main.storyboard */ = {
			isa = PBXVariantGroup;
			children = (
				65442ACD1B1CF1C4006E0D37 /* Base */,
			);
			name = Main.storyboard;
			sourceTree = "<group>";
		};
		65442AD11B1CF1C4006E0D37 /* LaunchScreen.xib */ = {
			isa = PBXVariantGroup;
			children = (
				65442AD21B1CF1C4006E0D37 /* Base */,
			);
			name = LaunchScreen.xib;
			sourceTree = "<group>";
		};
/* End PBXVariantGroup section */

/* Begin XCBuildConfiguration section */
		65442AE01B1CF1C4006E0D37 /* Debug */ = {
			isa = XCBuildConfiguration;
			buildSettings = {
				ALWAYS_SEARCH_USER_PATHS = NO;
				CLANG_CXX_LANGUAGE_STANDARD = "gnu++0x";
				CLANG_CXX_LIBRARY = "libc++";
				CLANG_ENABLE_MODULES = YES;
				CLANG_ENABLE_OBJC_ARC = YES;
				CLANG_WARN_BOOL_CONVERSION = YES;
				CLANG_WARN_CONSTANT_CONVERSION = YES;
				CLANG_WARN_DIRECT_OBJC_ISA_USAGE = YES_ERROR;
				CLANG_WARN_EMPTY_BODY = YES;
				CLANG_WARN_ENUM_CONVERSION = YES;
				CLANG_WARN_INT_CONVERSION = YES;
				CLANG_WARN_OBJC_ROOT_CLASS = YES_ERROR;
				CLANG_WARN_UNREACHABLE_CODE = YES;
				CLANG_WARN__DUPLICATE_METHOD_MATCH = YES;
				"CODE_SIGN_IDENTITY[sdk=iphoneos*]" = "iPhone Developer";
				COPY_PHASE_STRIP = NO;
				DEBUG_INFORMATION_FORMAT = "dwarf-with-dsym";
				ENABLE_STRICT_OBJC_MSGSEND = YES;
				GCC_C_LANGUAGE_STANDARD = gnu99;
				GCC_DYNAMIC_NO_PIC = NO;
				GCC_NO_COMMON_BLOCKS = YES;
				GCC_OPTIMIZATION_LEVEL = 0;
				GCC_PREPROCESSOR_DEFINITIONS = (
					"DEBUG=1",
					"$(inherited)",
				);
				GCC_SYMBOLS_PRIVATE_EXTERN = NO;
				GCC_WARN_64_TO_32_BIT_CONVERSION = YES;
				GCC_WARN_ABOUT_RETURN_TYPE = YES_ERROR;
				GCC_WARN_UNDECLARED_SELECTOR = YES;
				GCC_WARN_UNINITIALIZED_AUTOS = YES_AGGRESSIVE;
				GCC_WARN_UNUSED_FUNCTION = YES;
				GCC_WARN_UNUSED_VARIABLE = YES;
				IPHONEOS_DEPLOYMENT_TARGET = 8.3;
				MTL_ENABLE_DEBUG_INFO = YES;
				ONLY_ACTIVE_ARCH = YES;
				SDKROOT = iphoneos;
			};
			name = Debug;
		};
		65442AE11B1CF1C4006E0D37 /* Release */ = {
			isa = XCBuildConfiguration;
			buildSettings = {
				ALWAYS_SEARCH_USER_PATHS = NO;
				CLANG_CXX_LANGUAGE_STANDARD = "gnu++0x";
				CLANG_CXX_LIBRARY = "libc++";
				CLANG_ENABLE_MODULES = YES;
				CLANG_ENABLE_OBJC_ARC = YES;
				CLANG_WARN_BOOL_CONVERSION = YES;
				CLANG_WARN_CONSTANT_CONVERSION = YES;
				CLANG_WARN_DIRECT_OBJC_ISA_USAGE = YES_ERROR;
				CLANG_WARN_EMPTY_BODY = YES;
				CLANG_WARN_ENUM_CONVERSION = YES;
				CLANG_WARN_INT_CONVERSION = YES;
				CLANG_WARN_OBJC_ROOT_CLASS = YES_ERROR;
				CLANG_WARN_UNREACHABLE_CODE = YES;
				CLANG_WARN__DUPLICATE_METHOD_MATCH = YES;
				"CODE_SIGN_IDENTITY[sdk=iphoneos*]" = "iPhone Developer";
				COPY_PHASE_STRIP = NO;
				DEBUG_INFORMATION_FORMAT = "dwarf-with-dsym";
				ENABLE_NS_ASSERTIONS = NO;
				ENABLE_STRICT_OBJC_MSGSEND = YES;
				GCC_C_LANGUAGE_STANDARD = gnu99;
				GCC_NO_COMMON_BLOCKS = YES;
				GCC_WARN_64_TO_32_BIT_CONVERSION = YES;
				GCC_WARN_ABOUT_RETURN_TYPE = YES_ERROR;
				GCC_WARN_UNDECLARED_SELECTOR = YES;
				GCC_WARN_UNINITIALIZED_AUTOS = YES_AGGRESSIVE;
				GCC_WARN_UNUSED_FUNCTION = YES;
				GCC_WARN_UNUSED_VARIABLE = YES;
				IPHONEOS_DEPLOYMENT_TARGET = 8.3;
				MTL_ENABLE_DEBUG_INFO = NO;
				SDKROOT = iphoneos;
				VALIDATE_PRODUCT = YES;
			};
			name = Release;
		};
		65442AE31B1CF1C4006E0D37 /* Debug */ = {
			isa = XCBuildConfiguration;
			buildSettings = {
				ASSETCATALOG_COMPILER_APPICON_NAME = AppIcon;
				INFOPLIST_FILE = SandwichFlow/Info.plist;
				LD_RUNPATH_SEARCH_PATHS = "$(inherited) @executable_path/Frameworks";
				PRODUCT_NAME = "$(TARGET_NAME)";
			};
			name = Debug;
		};
		65442AE41B1CF1C4006E0D37 /* Release */ = {
			isa = XCBuildConfiguration;
			buildSettings = {
				ASSETCATALOG_COMPILER_APPICON_NAME = AppIcon;
				INFOPLIST_FILE = SandwichFlow/Info.plist;
				LD_RUNPATH_SEARCH_PATHS = "$(inherited) @executable_path/Frameworks";
				PRODUCT_NAME = "$(TARGET_NAME)";
			};
			name = Release;
		};
		65442AE61B1CF1C4006E0D37 /* Debug */ = {
			isa = XCBuildConfiguration;
			buildSettings = {
				BUNDLE_LOADER = "$(TEST_HOST)";
				FRAMEWORK_SEARCH_PATHS = (
					"$(SDKROOT)/Developer/Library/Frameworks",
					"$(inherited)",
				);
				GCC_PREPROCESSOR_DEFINITIONS = (
					"DEBUG=1",
					"$(inherited)",
				);
				INFOPLIST_FILE = SandwichFlowTests/Info.plist;
				LD_RUNPATH_SEARCH_PATHS = "$(inherited) @executable_path/Frameworks @loader_path/Frameworks";
				PRODUCT_NAME = "$(TARGET_NAME)";
				TEST_HOST = "$(BUILT_PRODUCTS_DIR)/SandwichFlow.app/SandwichFlow";
			};
			name = Debug;
		};
		65442AE71B1CF1C4006E0D37 /* Release */ = {
			isa = XCBuildConfiguration;
			buildSettings = {
				BUNDLE_LOADER = "$(TEST_HOST)";
				FRAMEWORK_SEARCH_PATHS = (
					"$(SDKROOT)/Developer/Library/Frameworks",
					"$(inherited)",
				);
				INFOPLIST_FILE = SandwichFlowTests/Info.plist;
				LD_RUNPATH_SEARCH_PATHS = "$(inherited) @executable_path/Frameworks @loader_path/Frameworks";
				PRODUCT_NAME = "$(TARGET_NAME)";
				TEST_HOST = "$(BUILT_PRODUCTS_DIR)/SandwichFlow.app/SandwichFlow";
			};
			name = Release;
		};
/* End XCBuildConfiguration section */

/* Begin XCConfigurationList section */
		65442ABA1B1CF1C4006E0D37 /* Build configuration list for PBXProject "SandwichFlow" */ = {
			isa = XCConfigurationList;
			buildConfigurations = (
				65442AE01B1CF1C4006E0D37 /* Debug */,
				65442AE11B1CF1C4006E0D37 /* Release */,
			);
			defaultConfigurationIsVisible = 0;
			defaultConfigurationName = Release;
		};
		65442AE21B1CF1C4006E0D37 /* Build configuration list for PBXNativeTarget "SandwichFlow" */ = {
			isa = XCConfigurationList;
			buildConfigurations = (
				65442AE31B1CF1C4006E0D37 /* Debug */,
				65442AE41B1CF1C4006E0D37 /* Release */,
			);
			defaultConfigurationIsVisible = 0;
			defaultConfigurationName = Release;
		};
		65442AE51B1CF1C4006E0D37 /* Build configuration list for PBXNativeTarget "SandwichFlowTests" */ = {
			isa = XCConfigurationList;
			buildConfigurations = (
				65442AE61B1CF1C4006E0D37 /* Debug */,
				65442AE71B1CF1C4006E0D37 /* Release */,
			);
			defaultConfigurationIsVisible = 0;
			defaultConfigurationName = Release;
		};
/* End XCConfigurationList section */
	};
	rootObject = 65442AB71B1CF1C4006E0D37 /* Project object */;
}
